
Microsoft Visual Studio Solution File, Format Version 12.00
# Visual Studio 2015
Project("{FAE04EC0-301F-11D3-BF4B-00C04F79EFBC}") = "Simon", "Simon.csproj", "{5ABA4EC6-21C2-9B20-8470-C1A4C25947D9}"
EndProject
Global
	GlobalSection(SolutionConfigurationPlatforms) = preSolution
		Debug|Any CPU = Debug|Any CPU
		Release|Any CPU = Release|Any CPU
	EndGlobalSection
	GlobalSection(ProjectConfigurationPlatforms) = postSolution
		{5ABA4EC6-21C2-9B20-8470-C1A4C25947D9}.Debug|Any CPU.ActiveCfg = Debug|Any CPU
		{5ABA4EC6-21C2-9B20-8470-C1A4C25947D9}.Debug|Any CPU.Build.0 = Debug|Any CPU
		{5ABA4EC6-21C2-9B20-8470-C1A4C25947D9}.Release|Any CPU.ActiveCfg = Release|Any CPU
		{5ABA4EC6-21C2-9B20-8470-C1A4C25947D9}.Release|Any CPU.Build.0 = Release|Any CPU
	EndGlobalSection
	GlobalSection(SolutionProperties) = preSolution
		HideSolutionNode = FALSE
	EndGlobalSection
EndGlobal
